
Microsoft Visual Studio Solution File, Format Version 12.00
# Visual Studio Version 17
VisualStudioVersion = 17.0.32014.148
MinimumVisualStudioVersion = 10.0.40219.1
Project("{FAE04EC0-301F-11D3-BF4B-00C04F79EFBC}") = "App5.Android", "App5\App5.Android\App5.Android.csproj", "{1A4106F7-641F-4144-8171-446C282535CD}"
EndProject
Project("{FAE04EC0-301F-11D3-BF4B-00C04F79EFBC}") = "App5.iOS", "App5\App5.iOS\App5.iOS.csproj", "{2CDE953F-15E7-49CE-B7CF-0AD56F6A679A}"
EndProject
Project("{FAE04EC0-301F-11D3-BF4B-00C04F79EFBC}") = "App5", "App5\App5\App5.csproj", "{67C11CE1-D068-4BE2-B844-EC22DBF3A14F}"
EndProject
Global
	GlobalSection(SolutionConfigurationPlatforms) = preSolution
		Debug|Any CPU = Debug|Any CPU
		Debug|iPhone = Debug|iPhone
		Debug|iPhoneSimulator = Debug|iPhoneSimulator
		Release|Any CPU = Release|Any CPU
		Release|iPhone = Release|iPhone
		Release|iPhoneSimulator = Release|iPhoneSimulator
	EndGlobalSection
	GlobalSection(ProjectConfigurationPlatforms) = postSolution
		{1A4106F7-641F-4144-8171-446C282535CD}.Debug|Any CPU.ActiveCfg = Debug|Any CPU
		{1A4106F7-641F-4144-8171-446C282535CD}.Debug|Any CPU.Build.0 = Debug|Any CPU
		{1A4106F7-641F-4144-8171-446C282535CD}.Debug|Any CPU.Deploy.0 = Debug|Any CPU
		{1A4106F7-641F-4144-8171-446C282535CD}.Debug|iPhone.ActiveCfg = Debug|Any CPU
		{1A4106F7-641F-4144-8171-446C282535CD}.Debug|iPhone.Build.0 = Debug|Any CPU
		{1A4106F7-641F-4144-8171-446C282535CD}.Debug|iPhone.Deploy.0 = Debug|Any CPU
		{1A4106F7-641F-4144-8171-446C282535CD}.Debug|iPhoneSimulator.ActiveCfg = Debug|Any CPU
		{1A4106F7-641F-4144-8171-446C282535CD}.Debug|iPhoneSimulator.Build.0 = Debug|Any CPU
		{1A4106F7-641F-4144-8171-446C282535CD}.Debug|iPhoneSimulator.Deploy.0 = Debug|Any CPU
		{1A4106F7-641F-4144-8171-446C282535CD}.Release|Any CPU.ActiveCfg = Release|Any CPU
		{1A4106F7-641F-4144-8171-446C282535CD}.Release|Any CPU.Build.0 = Release|Any CPU
		{1A4106F7-641F-4144-8171-446C282535CD}.Release|Any CPU.Deploy.0 = Release|Any CPU
		{1A4106F7-641F-4144-8171-446C282535CD}.Release|iPhone.ActiveCfg = Release|Any CPU
		{1A4106F7-641F-4144-8171-446C282535CD}.Release|iPhone.Build.0 = Release|Any CPU
		{1A4106F7-641F-4144-8171-446C282535CD}.Release|iPhone.Deploy.0 = Release|Any CPU
		{1A4106F7-641F-4144-8171-446C282535CD}.Release|iPhoneSimulator.ActiveCfg = Release|Any CPU
		{1A4106F7-641F-4144-8171-446C282535CD}.Release|iPhoneSimulator.Build.0 = Release|Any CPU
		{1A4106F7-641F-4144-8171-446C282535CD}.Release|iPhoneSimulator.Deploy.0 = Release|Any CPU
		{2CDE953F-15E7-49CE-B7CF-0AD56F6A679A}.Debug|Any CPU.ActiveCfg = Debug|iPhone
		{2CDE953F-15E7-49CE-B7CF-0AD56F6A679A}.Debug|Any CPU.Build.0 = Debug|iPhone
		{2CDE953F-15E7-49CE-B7CF-0AD56F6A679A}.Debug|Any CPU.Deploy.0 = Debug|iPhone
		{2CDE953F-15E7-49CE-B7CF-0AD56F6A679A}.Debug|iPhone.ActiveCfg = Debug|iPhone
		{2CDE953F-15E7-49CE-B7CF-0AD56F6A679A}.Debug|iPhone.Build.0 = Debug|iPhone
		{2CDE953F-15E7-49CE-B7CF-0AD56F6A679A}.Debug|iPhone.Deploy.0 = Debug|iPhone
		{2CDE953F-15E7-49CE-B7CF-0AD56F6A679A}.Debug|iPhoneSimulator.ActiveCfg = Debug|iPhoneSimulator
		{2CDE953F-15E7-49CE-B7CF-0AD56F6A679A}.Debug|iPhoneSimulator.Build.0 = Debug|iPhoneSimulator
		{2CDE953F-15E7-49CE-B7CF-0AD56F6A679A}.Debug|iPhoneSimulator.Deploy.0 = Debug|iPhoneSimulator
		{2CDE953F-15E7-49CE-B7CF-0AD56F6A679A}.Release|Any CPU.ActiveCfg = Release|iPhoneSimulator
		{2CDE953F-15E7-49CE-B7CF-0AD56F6A679A}.Release|Any CPU.Build.0 = Release|iPhoneSimulator
		{2CDE953F-15E7-49CE-B7CF-0AD56F6A679A}.Release|Any CPU.Deploy.0 = Release|iPhoneSimulator
		{2CDE953F-15E7-49CE-B7CF-0AD56F6A679A}.Release|iPhone.ActiveCfg = Release|iPhone
		{2CDE953F-15E7-49CE-B7CF-0AD56F6A679A}.Release|iPhone.Build.0 = Release|iPhone
		{2CDE953F-15E7-49CE-B7CF-0AD56F6A679A}.Release|iPhone.Deploy.0 = Release|iPhone
		{2CDE953F-15E7-49CE-B7CF-0AD56F6A679A}.Release|iPhoneSimulator.ActiveCfg = Release|iPhoneSimulator
		{2CDE953F-15E7-49CE-B7CF-0AD56F6A679A}.Release|iPhoneSimulator.Build.0 = Release|iPhoneSimulator
		{2CDE953F-15E7-49CE-B7CF-0AD56F6A679A}.Release|iPhoneSimulator.Deploy.0 = Release|iPhoneSimulator
		{67C11CE1-D068-4BE2-B844-EC22DBF3A14F}.Debug|Any CPU.ActiveCfg = Debug|Any CPU
		{67C11CE1-D068-4BE2-B844-EC22DBF3A14F}.Debug|Any CPU.Build.0 = Debug|Any CPU
		{67C11CE1-D068-4BE2-B844-EC22DBF3A14F}.Debug|Any CPU.Deploy.0 = Debug|Any CPU
		{67C11CE1-D068-4BE2-B844-EC22DBF3A14F}.Debug|iPhone.ActiveCfg = Debug|Any CPU
		{67C11CE1-D068-4BE2-B844-EC22DBF3A14F}.Debug|iPhone.Build.0 = Debug|Any CPU
		{67C11CE1-D068-4BE2-B844-EC22DBF3A14F}.Debug|iPhone.Deploy.0 = Debug|Any CPU
		{67C11CE1-D068-4BE2-B844-EC22DBF3A14F}.Debug|iPhoneSimulator.ActiveCfg = Debug|Any CPU
		{67C11CE1-D068-4BE2-B844-EC22DBF3A14F}.Debug|iPhoneSimulator.Build.0 = Debug|Any CPU
		{67C11CE1-D068-4BE2-B844-EC22DBF3A14F}.Debug|iPhoneSimulator.Deploy.0 = Debug|Any CPU
		{67C11CE1-D068-4BE2-B844-EC22DBF3A14F}.Release|Any CPU.ActiveCfg = Release|Any CPU
		{67C11CE1-D068-4BE2-B844-EC22DBF3A14F}.Release|Any CPU.Build.0 = Release|Any CPU
		{67C11CE1-D068-4BE2-B844-EC22DBF3A14F}.Release|Any CPU.Deploy.0 = Release|Any CPU
		{67C11CE1-D068-4BE2-B844-EC22DBF3A14F}.Release|iPhone.ActiveCfg = Release|Any CPU
		{67C11CE1-D068-4BE2-B844-EC22DBF3A14F}.Release|iPhone.Build.0 = Release|Any CPU
		{67C11CE1-D068-4BE2-B844-EC22DBF3A14F}.Release|iPhone.Deploy.0 = Release|Any CPU
		{67C11CE1-D068-4BE2-B844-EC22DBF3A14F}.Release|iPhoneSimulator.ActiveCfg = Release|Any CPU
		{67C11CE1-D068-4BE2-B844-EC22DBF3A14F}.Release|iPhoneSimulator.Build.0 = Release|Any CPU
		{67C11CE1-D068-4BE2-B844-EC22DBF3A14F}.Release|iPhoneSimulator.Deploy.0 = Release|Any CPU
	EndGlobalSection
	GlobalSection(SolutionProperties) = preSolution
		HideSolutionNode = FALSE
	EndGlobalSection
	GlobalSection(ExtensibilityGlobals) = postSolution
		SolutionGuid = {EFDBB044-5AA4-444C-A42F-B9D00562B45B}
	EndGlobalSection
EndGlobal
